{
    "_readme": [
        "This file locks the dependencies of your project to a known state",
        "Read more about it at https://getcomposer.org/doc/01-basic-usage.md#composer-lock-the-lock-file",
        "This file is @generated automatically"
    ],
    "hash": "64445b01002b7c46fb82f142256827c2",
    "content-hash": "00ac8519d65c0e2a337b2a77f57b4b6b",
    "packages": [
        {
            "name": "eb/mysql",
            "version": "1.0.0",
            "source": {
                "type": "git",
                "url": "https://github.com/EgorBanin/phpmysql.git",
                "reference": "a858cb98050b02b0cc1efaeff436727cf1df1fb2"
            },
            "dist": {
                "type": "zip",
                "url": "https://api.github.com/repos/EgorBanin/phpmysql/zipball/a858cb98050b02b0cc1efaeff436727cf1df1fb2",
                "reference": "a858cb98050b02b0cc1efaeff436727cf1df1fb2",
                "shasum": ""
            },
            "require": {
                "php": ">=5.3.0"
            },
            "type": "library",
            "autoload": {
                "psr-0": {
                    "Mysql": "src/"
                }
            },
            "notification-url": "https://packagist.org/downloads/",
            "license": [
                "UNLICENSE"
            ],
            "description": "Simply mysqli wrapper",
            "homepage": "https://github.com/EgorBanin/phpmysql",
            "keywords": [
                "database",
                "db",
                "mysql",
                "mysqli"
            ],
            "time": "2016-03-12 11:48:34"
        }
    ],
    "packages-dev": [],
    "aliases": [],
    "minimum-stability": "stable",
    "stability-flags": [],
    "prefer-stable": false,
    "prefer-lowest": false,
    "platform": [],
    "platform-dev": []
}
